Microsoft Visual Studio Solution File, Format Version 12.00
# Visual Studio Version 17
VisualStudioVersion = 17.5.2.0
MinimumVisualStudioVersion = 10.0.40219.1
Project("{FAE04EC0-301F-11D3-BF4B-00C04F79EFBC}") = "03_02_2025_intro_runtime", "03_02_2025_intro_runtime.csproj", "{3F034CB7-972A-BE62-434A-FF6F10160468}"
EndProject
Global
	GlobalSection(SolutionConfigurationPlatforms) = preSolution
		Debug|Any CPU = Debug|Any CPU
		Release|Any CPU = Release|Any CPU
	EndGlobalSection
	GlobalSection(ProjectConfigurationPlatforms) = postSolution
		{3F034CB7-972A-BE62-434A-FF6F10160468}.Debug|Any CPU.ActiveCfg = Debug|Any CPU
		{3F034CB7-972A-BE62-434A-FF6F10160468}.Debug|Any CPU.Build.0 = Debug|Any CPU
		{3F034CB7-972A-BE62-434A-FF6F10160468}.Release|Any CPU.ActiveCfg = Release|Any CPU
		{3F034CB7-972A-BE62-434A-FF6F10160468}.Release|Any CPU.Build.0 = Release|Any CPU
	EndGlobalSection
	GlobalSection(SolutionProperties) = preSolution
		HideSolutionNode = FALSE
	EndGlobalSection
	GlobalSection(ExtensibilityGlobals) = postSolution
		SolutionGuid = {8E6EC5D8-8598-4279-AF2C-FFC8D924056F}
	EndGlobalSection
EndGlobal
