Microsoft Visual Studio Solution File, Format Version 12.00
# Visual Studio Version 17
VisualStudioVersion = 17.5.2.0
MinimumVisualStudioVersion = 10.0.40219.1
Project("{FAE04EC0-301F-11D3-BF4B-00C04F79EFBC}") = "2025-02-21-Simple-Calculator", "2025-02-21-Simple-Calculator.csproj", "{EE87E932-F940-9E42-5FF6-AF9465D42DF2}"
EndProject
Global
	GlobalSection(SolutionConfigurationPlatforms) = preSolution
		Debug|Any CPU = Debug|Any CPU
		Release|Any CPU = Release|Any CPU
	EndGlobalSection
	GlobalSection(ProjectConfigurationPlatforms) = postSolution
		{EE87E932-F940-9E42-5FF6-AF9465D42DF2}.Debug|Any CPU.ActiveCfg = Debug|Any CPU
		{EE87E932-F940-9E42-5FF6-AF9465D42DF2}.Debug|Any CPU.Build.0 = Debug|Any CPU
		{EE87E932-F940-9E42-5FF6-AF9465D42DF2}.Release|Any CPU.ActiveCfg = Release|Any CPU
		{EE87E932-F940-9E42-5FF6-AF9465D42DF2}.Release|Any CPU.Build.0 = Release|Any CPU
	EndGlobalSection
	GlobalSection(SolutionProperties) = preSolution
		HideSolutionNode = FALSE
	EndGlobalSection
	GlobalSection(ExtensibilityGlobals) = postSolution
		SolutionGuid = {E504EDBC-5487-44CC-8110-60A4FC9E9896}
	EndGlobalSection
EndGlobal
